{
    "_meta": {
        "hash": {
            "sha256": "20bd221f987224407a90e15cec4eeaeeda4ebf2a38d668d6d4de021214e4198e"
        },
        "pipfile-spec": 6,
        "requires": {
            "python_version": "3.9"
        },
        "sources": [
            {
                "name": "pypi",
                "url": "https://pypi.org/simple",
                "verify_ssl": true
            }
        ]
    },
    "default": {
        "certifi": {
            "hashes": [
                "sha256:84c85a9078b11105f04f3036a9482ae10e4621616db313fe045dd24743a0820d",
                "sha256:fe86415d55e84719d75f8b69414f6438ac3547d2078ab91b67e779ef69378412"
            ],
            "markers": "python_version >= '3.6'",
            "version": "==2022.6.15"
        },
        "charset-normalizer": {
            "hashes": [
                "sha256:5189b6f22b01957427f35b6a08d9a0bc45b46d3788ef5a92e978433c7a35f8a5",
                "sha256:575e708016ff3a5e3681541cb9d79312c416835686d054a23accb873b254f413"
            ],
            "markers": "python_version >= '3.6'",
            "version": "==2.1.0"
        },
        "cython": {
            "hashes": [
                "sha256:019d330ac580b2ca4a457c464ac0b8c35009d820ef5d09f328d6e31a10e1ce89",
                "sha256:0b83a342a071c4f14e7410568e0c0bd95e2f20c0b32944e3a721649a1357fda4",
                "sha256:0cd6c932e945af15ae4ddcf8fdc0532bda48784c92ed0a53cf4fae897067ccd1",
                "sha256:1e078943bbde703ca08d43e719480eb8b187d9023cbd91798619f5b5e18d0d71",
                "sha256:20778297c8bcba201ca122a2f792a9899d6e64c68a92363dd7eb24306d54d7ce",
                "sha256:2235b62da8fe6fa8b99422c8e583f2fb95e143867d337b5c75e4b9a1a865f9e3",
                "sha256:28db751e2d8365b39664d9cb62dc1668688b8fcc5b954e9ca9d20e0b8e03d8b0",
                "sha256:3993aafd68a7311ef94e00e44a137f6a50a69af0575ebcc8a0a074ad4152a2b2",
                "sha256:3d0239c7a22a0f3fb1deec75cab0078eba4dd17868aa992a54a178851e0c8684",
                "sha256:5183356c756b56c2df12d96300d602e47ffb89943c5a0bded66faca5d3da7be0",
                "sha256:58d2b734250c1093bc69c1c3a6f5736493b9f8b34eb765f0a28a4a09468c0b00",
                "sha256:5a8a3709ad9343a1dc02b8ec9cf6bb284be248d2c64af85464d9c3525eec74a5",
                "sha256:5c7cfd908efc77306ddd41ef07f5a7a352c9205ced5c1e00a0e5ece4391707c4",
                "sha256:5f2dae7dd56860018d5fd5032a71f11fdc224020932b463d0511a1536f27df85",
                "sha256:60d370c33d56077d30e5f425026e58c2559e93b4784106f61581cf54071f6270",
                "sha256:6b389a94b42909ff56d3491fde7c44802053a103701a7d210dcdd449a5b4f7b4",
                "sha256:71fd1d910aced510c001936667fc7f2901c49b2ca7a2ad67358979c94a7f42ac",
                "sha256:786ee7b0cdb508b6de64c0f1f9c74f207186dfafad1ef938f25b7494cc481a80",
                "sha256:7eff71c39b98078deaad1d1bdbf10864d234e2ab5d5257e980a6926a8523f697",
                "sha256:80a7255ad84620f53235c0720cdee2bc7431d9e3db7b3742823a606c329eb539",
                "sha256:88c5e2f92f16cd999ddfc43d572639679e8a057587088e627e98118e46a803e6",
                "sha256:8e08f18d249b9b65e272a5a60f3360a8922c4c149036b98fc821fe1afad5bdae",
                "sha256:9462e9cf284d9b1d2c5b53d62188e3c09cc5c7a0018ba349d99b73cf930238de",
                "sha256:9826981308802c61a76f967875b31b7c683b7fc369eabaa6cbc22efeb12c90e8",
                "sha256:9f1fe924c920b699af27aefebd722df4cfbb85206291623cd37d1a7ddfd57792",
                "sha256:a30092c6e2d24255fbfe0525f9a750554f96a263ed986d12ac3c9f7d9a85a424",
                "sha256:abcaf99f90cddc0f53600613eaafc81d27c4ac0671f0df8bce5466d4e86d54a1",
                "sha256:acb72e0b42079862cf2f894964b41f261e941e75677e902c5f4304b3eb00af33",
                "sha256:b17639b6a155abaa61a89f6f1323fb57b138d0529911ca03978d594945d062ba",
                "sha256:c299c5b250ae9f81c38200441b6f1d023aeee9d8e7f61c04001c7437181ccb06",
                "sha256:c79685dd4631a188e2385dc6a232896c7b67ea2e3e5f8b5555b4b743f475d6d7",
                "sha256:d0859a958e0155b6ae4dee04170ccfac2c3d613a7e3bee8749614530b9e3b4a4",
                "sha256:d0f34b44078e3e0b2f1be2b99044619b37127128e7d55c54bbd2438adcaf31d3",
                "sha256:d166d9f853db436f5e10733a9bd615699ddb4238feadcbdf5ae50dc0b18b18f5",
                "sha256:d52d5733dcb144deca8985f0a197c19cf71e6bd6bd9d8034f3f67b2dea68d12b",
                "sha256:e29d3487f357108b711f2f29319811d92166643d29aec1b8e063aad46a346775",
                "sha256:e36755e71fd20eceb410cc441b7f2586654c2edb013f4663842fdaf60b96c1ca",
                "sha256:e5cb144728a335d7a7fd0a61dff6abb7a9aeff9acd46d50b886b7d9a95bb7311",
                "sha256:e605635a92ae862cb46d84d1d6883324518f9aaff4a71cede6d61df20b6a410c",
                "sha256:ffa8c09617833ff0824aa7926fa4fa9d2ec3929c67168e89105f276b7f36a63e"
            ],
            "markers": "python_version >= '2.6' and python_version not in '3.0, 3.1, 3.2, 3.3'",
            "version": "==0.29.30"
        },
        "decorator": {
            "hashes": [
                "sha256:41fa54c2a0cc4ba648be4fd43cff00aedf5b9465c9bf18d64325bc225f08f760",
                "sha256:e3a62f0520172440ca0dcc823749319382e377f37f140a0b99ef45fecb84bfe7"
            ],
            "version": "==4.4.2"
        },
        "idna": {
            "hashes": [
                "sha256:84d9dd047ffa80596e0f246e2eab0b391788b0503584e8945f2368256d2735ff",
                "sha256:9d643ff0a55b762d5cdb124b8eaa99c66322e2157b69160bc32796e824360e6d"
            ],
            "markers": "python_version >= '3.5'",
            "version": "==3.3"
        },
        "jinja2": {
            "hashes": [
                "sha256:31351a702a408a9e7595a8fc6150fc3f43bb6bf7e319770cbc0db9df9437e852",
                "sha256:6088930bfe239f0e6710546ab9c19c9ef35e29792895fed6e6e31a023a182a61"
            ],
            "markers": "python_version >= '3.7'",
            "version": "==3.1.2"
        },
        "joblib": {
            "hashes": [
                "sha256:4158fcecd13733f8be669be0683b96ebdbbd38d23559f54dca7205aea1bf1e35",
                "sha256:f21f109b3c7ff9d95f8387f752d0d9c34a02aa2f7060c2135f465da0e5160ff6"
            ],
            "markers": "python_version >= '3.6'",
            "version": "==1.1.0"
        },
        "markupsafe": {
            "hashes": [
                "sha256:0212a68688482dc52b2d45013df70d169f542b7394fc744c02a57374a4207003",
                "sha256:089cf3dbf0cd6c100f02945abeb18484bd1ee57a079aefd52cffd17fba910b88",
                "sha256:10c1bfff05d95783da83491be968e8fe789263689c02724e0c691933c52994f5",
                "sha256:33b74d289bd2f5e527beadcaa3f401e0df0a89927c1559c8566c066fa4248ab7",
                "sha256:3799351e2336dc91ea70b034983ee71cf2f9533cdff7c14c90ea126bfd95d65a",
                "sha256:3ce11ee3f23f79dbd06fb3d63e2f6af7b12db1d46932fe7bd8afa259a5996603",
                "sha256:421be9fbf0ffe9ffd7a378aafebbf6f4602d564d34be190fc19a193232fd12b1",
                "sha256:43093fb83d8343aac0b1baa75516da6092f58f41200907ef92448ecab8825135",
                "sha256:46d00d6cfecdde84d40e572d63735ef81423ad31184100411e6e3388d405e247",
                "sha256:4a33dea2b688b3190ee12bd7cfa29d39c9ed176bda40bfa11099a3ce5d3a7ac6",
                "sha256:4b9fe39a2ccc108a4accc2676e77da025ce383c108593d65cc909add5c3bd601",
                "sha256:56442863ed2b06d19c37f94d999035e15ee982988920e12a5b4ba29b62ad1f77",
                "sha256:671cd1187ed5e62818414afe79ed29da836dde67166a9fac6d435873c44fdd02",
                "sha256:694deca8d702d5db21ec83983ce0bb4b26a578e71fbdbd4fdcd387daa90e4d5e",
                "sha256:6a074d34ee7a5ce3effbc526b7083ec9731bb3cbf921bbe1d3005d4d2bdb3a63",
                "sha256:6d0072fea50feec76a4c418096652f2c3238eaa014b2f94aeb1d56a66b41403f",
                "sha256:6fbf47b5d3728c6aea2abb0589b5d30459e369baa772e0f37a0320185e87c980",
                "sha256:7f91197cc9e48f989d12e4e6fbc46495c446636dfc81b9ccf50bb0ec74b91d4b",
                "sha256:86b1f75c4e7c2ac2ccdaec2b9022845dbb81880ca318bb7a0a01fbf7813e3812",
                "sha256:8dc1c72a69aa7e082593c4a203dcf94ddb74bb5c8a731e4e1eb68d031e8498ff",
                "sha256:8e3dcf21f367459434c18e71b2a9532d96547aef8a871872a5bd69a715c15f96",
                "sha256:8e576a51ad59e4bfaac456023a78f6b5e6e7651dcd383bcc3e18d06f9b55d6d1",
                "sha256:96e37a3dc86e80bf81758c152fe66dbf60ed5eca3d26305edf01892257049925",
                "sha256:97a68e6ada378df82bc9f16b800ab77cbf4b2fada0081794318520138c088e4a",
                "sha256:99a2a507ed3ac881b975a2976d59f38c19386d128e7a9a18b7df6fff1fd4c1d6",
                "sha256:a49907dd8420c5685cfa064a1335b6754b74541bbb3706c259c02ed65b644b3e",
                "sha256:b09bf97215625a311f669476f44b8b318b075847b49316d3e28c08e41a7a573f",
                "sha256:b7bd98b796e2b6553da7225aeb61f447f80a1ca64f41d83612e6139ca5213aa4",
                "sha256:b87db4360013327109564f0e591bd2a3b318547bcef31b468a92ee504d07ae4f",
                "sha256:bcb3ed405ed3222f9904899563d6fc492ff75cce56cba05e32eff40e6acbeaa3",
                "sha256:d4306c36ca495956b6d568d276ac11fdd9c30a36f1b6eb928070dc5360b22e1c",
                "sha256:d5ee4f386140395a2c818d149221149c54849dfcfcb9f1debfe07a8b8bd63f9a",
                "sha256:dda30ba7e87fbbb7eab1ec9f58678558fd9a6b8b853530e176eabd064da81417",
                "sha256:e04e26803c9c3851c931eac40c695602c6295b8d432cbe78609649ad9bd2da8a",
                "sha256:e1c0b87e09fa55a220f058d1d49d3fb8df88fbfab58558f1198e08c1e1de842a",
                "sha256:e72591e9ecd94d7feb70c1cbd7be7b3ebea3f548870aa91e2732960fa4d57a37",
                "sha256:e8c843bbcda3a2f1e3c2ab25913c80a3c5376cd00c6e8c4a86a89a28c8dc5452",
                "sha256:efc1913fd2ca4f334418481c7e595c00aad186563bbc1ec76067848c7ca0a933",
                "sha256:f121a1420d4e173a5d96e47e9a0c0dcff965afdf1626d28de1460815f7c4ee7a",
                "sha256:fc7b548b17d238737688817ab67deebb30e8073c95749d55538ed473130ec0c7"
            ],
            "markers": "python_version >= '3.7'",
            "version": "==2.1.1"
        },
        "networkx": {
            "hashes": [
                "sha256:15a7b81a360791c458c55a417418ea136c13378cfdc06a2dcdc12bd2f9cf09c1",
                "sha256:a762f4b385692d9c3a6f2912d058d76d29a827deaedf9e63ed14d397b8030687"
            ],
            "index": "pypi",
            "version": "==2.8.5"
        },
        "numpy": {
            "hashes": [
                "sha256:1408c3527a74a0209c781ac82bde2182b0f0bf54dea6e6a363fe0cc4488a7ce7",
                "sha256:173f28921b15d341afadf6c3898a34f20a0569e4ad5435297ba262ee8941e77b",
                "sha256:1865fdf51446839ca3fffaab172461f2b781163f6f395f1aed256b1ddc253622",
                "sha256:3119daed207e9410eaf57dcf9591fdc68045f60483d94956bee0bfdcba790953",
                "sha256:35590b9c33c0f1c9732b3231bb6a72d1e4f77872390c47d50a615686ae7ed3fd",
                "sha256:37e5ebebb0eb54c5b4a9b04e6f3018e16b8ef257d26c8945925ba8105008e645",
                "sha256:37ece2bd095e9781a7156852e43d18044fd0d742934833335599c583618181b9",
                "sha256:3ab67966c8d45d55a2bdf40701536af6443763907086c0a6d1232688e27e5447",
                "sha256:47f10ab202fe4d8495ff484b5561c65dd59177949ca07975663f4494f7269e3e",
                "sha256:55df0f7483b822855af67e38fb3a526e787adf189383b4934305565d71c4b148",
                "sha256:5d732d17b8a9061540a10fda5bfeabca5785700ab5469a5e9b93aca5e2d3a5fb",
                "sha256:68b69f52e6545af010b76516f5daaef6173e73353e3295c5cb9f96c35d755641",
                "sha256:7e8229f3687cdadba2c4faef39204feb51ef7c1a9b669247d49a24f3e2e1617c",
                "sha256:8002574a6b46ac3b5739a003b5233376aeac5163e5dcd43dd7ad062f3e186129",
                "sha256:876f60de09734fbcb4e27a97c9a286b51284df1326b1ac5f1bf0ad3678236b22",
                "sha256:9ce242162015b7e88092dccd0e854548c0926b75c7924a3495e02c6067aba1f5",
                "sha256:a35c4e64dfca659fe4d0f1421fc0f05b8ed1ca8c46fb73d9e5a7f175f85696bb",
                "sha256:aeba539285dcf0a1ba755945865ec61240ede5432df41d6e29fab305f4384db2",
                "sha256:b15c3f1ed08df4980e02cc79ee058b788a3d0bef2fb3c9ca90bb8cbd5b8a3a04",
                "sha256:c2f91f88230042a130ceb1b496932aa717dcbd665350beb821534c5c7e15881c",
                "sha256:d748ef349bfef2e1194b59da37ed5a29c19ea8d7e6342019921ba2ba4fd8b624",
                "sha256:e0d7447679ae9a7124385ccf0ea990bb85bb869cef217e2ea6c844b6a6855073"
            ],
            "markers": "python_version >= '3.8'",
            "version": "==1.23.1"
        },
        "pandas": {
            "hashes": [
                "sha256:1e4285f5de1012de20ca46b188ccf33521bff61ba5c5ebd78b4fb28e5416a9f1",
                "sha256:2651d75b9a167cc8cc572cf787ab512d16e316ae00ba81874b560586fa1325e0",
                "sha256:2c21778a688d3712d35710501f8001cdbf96eb70a7c587a3d5613573299fdca6",
                "sha256:32e1a26d5ade11b547721a72f9bfc4bd113396947606e00d5b4a5b79b3dcb006",
                "sha256:3345343206546545bc26a05b4602b6a24385b5ec7c75cb6059599e3d56831da2",
                "sha256:344295811e67f8200de2390093aeb3c8309f5648951b684d8db7eee7d1c81fb7",
                "sha256:37f06b59e5bc05711a518aa10beaec10942188dccb48918bb5ae602ccbc9f1a0",
                "sha256:552020bf83b7f9033b57cbae65589c01e7ef1544416122da0c79140c93288f56",
                "sha256:5cce0c6bbeb266b0e39e35176ee615ce3585233092f685b6a82362523e59e5b4",
                "sha256:5f261553a1e9c65b7a310302b9dbac31cf0049a51695c14ebe04e4bfd4a96f02",
                "sha256:60a8c055d58873ad81cae290d974d13dd479b82cbb975c3e1fa2cf1920715296",
                "sha256:62d5b5ce965bae78f12c1c0df0d387899dd4211ec0bdc52822373f13a3a022b9",
                "sha256:7d28a3c65463fd0d0ba8bbb7696b23073efee0510783340a44b08f5e96ffce0c",
                "sha256:8025750767e138320b15ca16d70d5cdc1886e8f9cc56652d89735c016cd8aea6",
                "sha256:8b6dbec5f3e6d5dc80dcfee250e0a2a652b3f28663492f7dab9a24416a48ac39",
                "sha256:a395692046fd8ce1edb4c6295c35184ae0c2bbe787ecbe384251da609e27edcb",
                "sha256:a62949c626dd0ef7de11de34b44c6475db76995c2064e2d99c6498c3dba7fe58",
                "sha256:aaf183a615ad790801fa3cf2fa450e5b6d23a54684fe386f7e3208f8b9bfbef6",
                "sha256:adfeb11be2d54f275142c8ba9bf67acee771b7186a5745249c7d5a06c670136b",
                "sha256:b6b87b2fb39e6383ca28e2829cddef1d9fc9e27e55ad91ca9c435572cdba51bf",
                "sha256:bd971a3f08b745a75a86c00b97f3007c2ea175951286cdda6abe543e687e5f2f",
                "sha256:c69406a2808ba6cf580c2255bcf260b3f214d2664a3a4197d0e640f573b46fd3",
                "sha256:d3bc49af96cd6285030a64779de5b3688633a07eb75c124b0747134a63f4c05f",
                "sha256:fd541ab09e1f80a2a1760032d665f6e032d8e44055d602d65eeea6e6e85498cb",
                "sha256:fe95bae4e2d579812865db2212bb733144e34d0c6785c0685329e5b60fcb85dd"
            ],
            "index": "pypi",
            "version": "==1.3.5"
        },
        "pyparsing": {
            "hashes": [
                "sha256:2b020ecf7d21b687f219b71ecad3631f644a47f01403fa1d1036b0c6416d70fb",
                "sha256:5026bae9a10eeaefb61dab2f09052b9f4307d44aee4eda64b309723d8d206bbc"
            ],
            "markers": "python_full_version >= '3.6.8'",
            "version": "==3.0.9"
        },
        "python-dateutil": {
            "hashes": [
                "sha256:0123cacc1627ae19ddf3c27a5de5bd67ee4586fbdd6440d9748f8abb483d3e86",
                "sha256:961d03dc3453ebbc59dbdea9e4e11c5651520a876d0f4db161e8674aae935da9"
            ],
            "markers": "python_version >= '2.7' and python_version not in '3.0, 3.1, 3.2, 3.3'",
            "version": "==2.8.2"
        },
        "pytz": {
            "hashes": [
                "sha256:1e760e2fe6a8163bc0b3d9a19c4f84342afa0a2affebfaa84b01b978a02ecaa7",
                "sha256:e68985985296d9a66a881eb3193b0906246245294a881e7c8afe623866ac6a5c"
            ],
            "version": "==2022.1"
        },
        "requests": {
            "hashes": [
                "sha256:7c5599b102feddaa661c826c56ab4fee28bfd17f5abca1ebbe3e7f19d7c97983",
                "sha256:8fefa2a1a1365bf5520aac41836fbee479da67864514bdb821f31ce07ce65349"
            ],
            "markers": "python_version >= '3.7' and python_version < '4'",
            "version": "==2.28.1"
        },
        "scikit-learn": {
            "hashes": [
                "sha256:0403ad13f283e27d43b0ad875f187ec7f5d964903d92d1ed06c51439560ecea0",
                "sha256:102f51797cd8944bf44a038d106848ddf2804f2c1edf7aea45fba81a4fdc4d80",
                "sha256:22145b60fef02e597a8e7f061ebc7c51739215f11ce7fcd2ca9af22c31aa9f86",
                "sha256:33cf061ed0b79d647a3e4c3f6c52c412172836718a7cd4d11c1318d083300133",
                "sha256:3be10d8d325821ca366d4fe7083d87c40768f842f54371a9c908d97c45da16fc",
                "sha256:3e77b71e8e644f86c8b5be7f1c285ef597de4c384961389ee3e9ca36c445b256",
                "sha256:45c0f6ae523353f1d99b85469d746f9c497410adff5ba8b24423705b6956a86e",
                "sha256:47464c110eaa9ed9d1fe108cb403510878c3d3a40f110618d2a19b2190a3e35c",
                "sha256:542ccd2592fe7ad31f5c85fed3a3deb3e252383960a85e4b49a629353fffaba4",
                "sha256:723cdb278b1fa57a55f68945bc4e501a2f12abe82f76e8d21e1806cbdbef6fc5",
                "sha256:8fe80df08f5b9cee5dd008eccc672e543976198d790c07e5337f7dfb67eaac05",
                "sha256:8ff56d07b9507fbe07ca0f4e5c8f3e171f74a429f998da03e308166251316b34",
                "sha256:b2db720e13e697d912a87c1a51194e6fb085dc6d8323caa5ca51369ca6948f78",
                "sha256:b928869072366dc138762fe0929e7dc88413f8a469aebc6a64adc10a9226180c",
                "sha256:c2dad2bfc502344b869d4a3f4aa7271b2a5f4fe41f7328f404844c51612e2c58",
                "sha256:e851f8874398dcd50d1e174e810e9331563d189356e945b3271c0e19ee6f4d6f",
                "sha256:e9d228ced1214d67904f26fb820c8abbea12b2889cd4aa8cda20a4ca0ed781c1",
                "sha256:f2d5b5d6e87d482e17696a7bfa03fe9515fdfe27e462a4ad37f3d7774a5e2fd6"
            ],
            "markers": "python_version >= '3.8'",
            "version": "==1.1.1"
        },
        "scipy": {
            "hashes": [
                "sha256:02b567e722d62bddd4ac253dafb01ce7ed8742cf8031aea030a41414b86c1125",
                "sha256:1166514aa3bbf04cb5941027c6e294a000bba0cf00f5cdac6c77f2dad479b434",
                "sha256:1da52b45ce1a24a4a22db6c157c38b39885a990a566748fc904ec9f03ed8c6ba",
                "sha256:23b22fbeef3807966ea42d8163322366dd89da9bebdc075da7034cee3a1441ca",
                "sha256:28d2cab0c6ac5aa131cc5071a3a1d8e1366dad82288d9ec2ca44df78fb50e649",
                "sha256:2ef0fbc8bcf102c1998c1f16f15befe7cffba90895d6e84861cd6c6a33fb54f6",
                "sha256:3b69b90c9419884efeffaac2c38376d6ef566e6e730a231e15722b0ab58f0328",
                "sha256:4b93ec6f4c3c4d041b26b5f179a6aab8f5045423117ae7a45ba9710301d7e462",
                "sha256:4e53a55f6a4f22de01ffe1d2f016e30adedb67a699a310cdcac312806807ca81",
                "sha256:6311e3ae9cc75f77c33076cb2794fb0606f14c8f1b1c9ff8ce6005ba2c283621",
                "sha256:65b77f20202599c51eb2771d11a6b899b97989159b7975e9b5259594f1d35ef4",
                "sha256:6cc6b33139eb63f30725d5f7fa175763dc2df6a8f38ddf8df971f7c345b652dc",
                "sha256:70de2f11bf64ca9921fda018864c78af7147025e467ce9f4a11bc877266900a6",
                "sha256:70ebc84134cf0c504ce6a5f12d6db92cb2a8a53a49437a6bb4edca0bc101f11c",
                "sha256:83606129247e7610b58d0e1e93d2c5133959e9cf93555d3c27e536892f1ba1f2",
                "sha256:93d07494a8900d55492401917a119948ed330b8c3f1d700e0b904a578f10ead4",
                "sha256:9c4e3ae8a716c8b3151e16c05edb1daf4cb4d866caa385e861556aff41300c14",
                "sha256:9dd4012ac599a1e7eb63c114d1eee1bcfc6dc75a29b589ff0ad0bb3d9412034f",
                "sha256:9e3fb1b0e896f14a85aa9a28d5f755daaeeb54c897b746df7a55ccb02b340f33",
                "sha256:a0aa8220b89b2e3748a2836fbfa116194378910f1a6e78e4675a095bcd2c762d",
                "sha256:d3b3c8924252caaffc54d4a99f1360aeec001e61267595561089f8b5900821bb",
                "sha256:e013aed00ed776d790be4cb32826adb72799c61e318676172495383ba4570aa4",
                "sha256:f3e7a8867f307e3359cc0ed2c63b61a1e33a19080f92fe377bc7d49f646f2ec1"
            ],
            "markers": "python_version < '3.11' and python_version >= '3.8'",
            "version": "==1.8.1"
        },
        "six": {
            "hashes": [
                "sha256:1e61c37477a1626458e36f7b1d82aa5c9b094fa4802892072e49de9c60c4c926",
                "sha256:8abb2f1d86890a2dfb989f9a77cfcfd3e47c2a354b01111771326f8aa26e0254"
            ],
            "markers": "python_version >= '2.7' and python_version not in '3.0, 3.1, 3.2, 3.3'",
            "version": "==1.16.0"
        },
        "threadpoolctl": {
            "hashes": [
                "sha256:8b99adda265feb6773280df41eece7b2e6561b772d21ffd52e372f999024907b",
                "sha256:a335baacfaa4400ae1f0d8e3a58d6674d2f8828e3716bb2802c44955ad391380"
            ],
            "markers": "python_version >= '3.6'",
            "version": "==3.1.0"
        },
        "torch": {
            "hashes": [
                "sha256:0399746f83b4541bcb5b219a18dbe8cade760aba1c660d2748a38c6dc338ebc7",
                "sha256:0986685f2ec8b7c4d3593e8cfe96be85d462943f1a8f54112fc48d4d9fbbe903",
                "sha256:13c7cca6b2ea3704d775444f02af53c5f072d145247e17b8cd7813ac57869f03",
                "sha256:201abf43a99bb4980cc827dd4b38ac28f35e4dddac7832718be3d5479cafd2c1",
                "sha256:2143d5fe192fd908b70b494349de5b1ac02854a8a902bd5f47d13d85b410e430",
                "sha256:2568f011dddeb5990d8698cc375d237f14568ffa8489854e3b94113b4b6b7c8b",
                "sha256:3322d33a06e440d715bb214334bd41314c94632d9a2f07d22006bf21da3a2be4",
                "sha256:349ea3ba0c0e789e0507876c023181f13b35307aebc2e771efd0e045b8e03e84",
                "sha256:44a3804e9bb189574f5d02ccc2dc6e32e26a81b3e095463b7067b786048c6072",
                "sha256:5ed69d5af232c5c3287d44cef998880dadcc9721cd020e9ae02f42e56b79c2e4",
                "sha256:60d06ee2abfa85f10582d205404d52889d69bcbb71f7e211cfc37e3957ac19ca",
                "sha256:63341f96840a223f277e498d2737b39da30d9f57c7a1ef88857b920096317739",
                "sha256:72207b8733523388c49d43ffcc4416d1d8cd64c40f7826332e714605ace9b1d2",
                "sha256:7ddb167827170c4e3ff6a27157414a00b9fef93dea175da04caf92a0619b7aee",
                "sha256:844f1db41173b53fe40c44b3e04fcca23a6ce00ac328b7099f2800e611766845",
                "sha256:a1325c9c28823af497cbf443369bddac9ac59f67f1e600f8ab9b754958e55b76",
                "sha256:abbdc5483359b9495dc76e3bd7911ccd2ddc57706c117f8316832e31590af871",
                "sha256:c0313438bc36448ffd209f5fb4e5f325b3af158cdf61c8829b8ddaf128c57816",
                "sha256:e3e8348edca3e3cee5a67a2b452b85c57712efe1cc3ffdb87c128b3dde54534e",
                "sha256:fb47291596677570246d723ee6abbcbac07eeba89d8f83de31e3954f21f44879"
            ],
            "index": "pypi",
            "version": "==1.12.0"
        },
        "torch-geometric": {
            "hashes": [
                "sha256:d64e4c7486fcf0c7fa82f0acbf5dd52035855469708bf89f8bc7fc607671c8b7"
            ],
            "markers": "python_version >= '3.7'",
            "version": "==2.0.4"
        },
        "torch-geometric-temporal": {
            "hashes": [
                "sha256:3bd0f6eb9ab8bcd7675450f65508fbab776953ad5c29053a7757d396ea43ab02"
            ],
            "index": "pypi",
            "version": "==0.53.0"
        },
        "torch-scatter": {
            "hashes": [
                "sha256:08f5511d64473badf0a71d156b36dc2b09b9c2f00a7cd373b935b490c477a7f1"
            ],
            "markers": "python_version >= '3.6'",
            "version": "==2.0.9"
        },
        "torch-sparse": {
            "hashes": [
                "sha256:36632fa7b219a71d54a6bb245765379ab4d387a694f34ab429a9a9f70879ad66"
            ],
            "markers": "python_version >= '3.7'",
            "version": "==0.6.14"
        },
        "tqdm": {
            "hashes": [
                "sha256:40be55d30e200777a307a7585aee69e4eabb46b4ec6a4b4a5f2d9f11e7d5408d",
                "sha256:74a2cdefe14d11442cedf3ba4e21a3b84ff9a2dbdc6cfae2c34addb2a14a5ea6"
            ],
            "markers": "python_version >= '2.7' and python_version not in '3.0, 3.1, 3.2, 3.3'",
            "version": "==4.64.0"
        },
        "typing-extensions": {
            "hashes": [
                "sha256:25642c956049920a5aa49edcdd6ab1e06d7e5d467fc00e0506c44ac86fbfca02",
                "sha256:e6d2677a32f47fc7eb2795db1dd15c1f34eff616bcaf2cfb5e997f854fa1c4a6"
            ],
            "markers": "python_version >= '3.7'",
            "version": "==4.3.0"
        },
        "urllib3": {
            "hashes": [
                "sha256:8298d6d56d39be0e3bc13c1c97d133f9b45d797169a0e11cdd0e0489d786f7ec",
                "sha256:879ba4d1e89654d9769ce13121e0f94310ea32e8d2f8cf587b77c08bbcdb30d6"
            ],
            "markers": "python_version >= '2.7' and python_version not in '3.0, 3.1, 3.2, 3.3, 3.4, 3.5' and python_version < '4'",
            "version": "==1.26.10"
        }
    },
    "develop": {
        "appnope": {
            "hashes": [
                "sha256:02bd91c4de869fbb1e1c50aafc4098827a7a54ab2f39d9dcba6c9547ed920e24",
                "sha256:265a455292d0bd8a72453494fa24df5a11eb18373a60c7c0430889f22548605e"
            ],
            "markers": "platform_system == 'Darwin'",
            "version": "==0.1.3"
        },
        "asttokens": {
            "hashes": [
                "sha256:0844691e88552595a6f4a4281a9f7f79b8dd45ca4ccea82e5e05b4bbdb76705c",
                "sha256:9a54c114f02c7a9480d56550932546a3f1fe71d8a02f1bc7ccd0ee3ee35cf4d5"
            ],
            "version": "==2.0.5"
        },
        "backcall": {
            "hashes": [
                "sha256:5cbdbf27be5e7cfadb448baf0aa95508f91f2bbc6c6437cd9cd06e2a4c215e1e",
                "sha256:fbbce6a29f263178a1f7915c1940bde0ec2b2a967566fe1c65c1dfb7422bd255"
            ],
            "version": "==0.2.0"
        },
        "debugpy": {
            "hashes": [
                "sha256:0984086a670f46c75b5046b39a55f34e4120bee78928ac4c3c7f1c7b8be1d8be",
                "sha256:0bfdcf261f97a603d7ef7ab6972cdf7136201fde93d19bf3f917d0d2e43a5694",
                "sha256:163f282287ce68b00a51e9dcd7ad461ef288d740dcb3a2f22c01c62f31b62696",
                "sha256:19337bb8ff87da2535ac00ea3877ceaf40ff3c681421d1a96ab4d67dad031a16",
                "sha256:3b4657d3cd20aa454b62a70040524d3e785efc9a8488d16cd0e6caeb7b2a3f07",
                "sha256:40741d4bbf59baca1e97a5123514afcc036423caae5f24db23a865c0b4167c34",
                "sha256:4909bb2f8e5c8fe33d6ec5b7764100b494289252ebe94ec7838b30467435f1cb",
                "sha256:4e3c43d650a1e5fa7110af380fb59061bcba1e7348c00237e7473c55ae499b96",
                "sha256:67749e972213c395647a8798cc8377646e581e1fe97d0b1b7607e6b112ae4511",
                "sha256:726e5cc0ed5bc63e821dc371d88ddae5cba85e2ad207bf5fefc808b29421cb4c",
                "sha256:77a47d596ce8c69673d5f0c9876a80cb5a6cbc964f3b31b2d44683c7c01b6634",
                "sha256:79d9ac34542b830a7954ab111ad8a4c790f1f836b895d03223aea4216b739208",
                "sha256:9809bd1cdc0026fab711e280e0cb5d8f89ae5f4f74701aba5bda9a20a6afb567",
                "sha256:9e572c2ac3dd93f3f1a038a9226e7cc0d7326b8d345c9b9ce6fbf9cb9822e314",
                "sha256:9f72435bc9a2026a35a41221beff853dd4b6b17567ba9b9d349ee9512eb71ce6",
                "sha256:aaf579de5ecd02634d601d7cf5b6baae5f5bab89a55ef78e0904d766ef477729",
                "sha256:ac5d9e625d291a041ff3eaf65bdb816eb79a5b204cf9f1ffaf9617c0eadf96fa",
                "sha256:e6047272e97a11aa6898138c1c88c8cf61838deeb2a4f0a74e63bb567f8dafc6"
            ],
            "markers": "python_version >= '3.7'",
            "version": "==1.6.2"
        },
        "decorator": {
            "hashes": [
                "sha256:41fa54c2a0cc4ba648be4fd43cff00aedf5b9465c9bf18d64325bc225f08f760",
                "sha256:e3a62f0520172440ca0dcc823749319382e377f37f140a0b99ef45fecb84bfe7"
            ],
            "version": "==4.4.2"
        },
        "entrypoints": {
            "hashes": [
                "sha256:b706eddaa9218a19ebcd67b56818f05bb27589b1ca9e8d797b74affad4ccacd4",
                "sha256:f174b5ff827504fd3cd97cc3f8649f3693f51538c7e4bdf3ef002c8429d42f9f"
            ],
            "markers": "python_version >= '3.6'",
            "version": "==0.4"
        },
        "executing": {
            "hashes": [
                "sha256:c6554e21c6b060590a6d3be4b82fb78f8f0194d809de5ea7df1c093763311501",
                "sha256:d1eef132db1b83649a3905ca6dd8897f71ac6f8cac79a7e58a1a09cf137546c9"
            ],
            "version": "==0.8.3"
        },
        "ipykernel": {
            "hashes": [
                "sha256:37acc3254caa8a0dafcddddc8dc863a60ad1b46487b68aee361d9a15bda98112",
                "sha256:d8969c5b23b0e453a23166da5a669c954db399789293fcb03fec5cb25367e43c"
            ],
            "index": "pypi",
            "version": "==6.15.1"
        },
        "ipython": {
            "hashes": [
                "sha256:7ca74052a38fa25fe9bedf52da0be7d3fdd2fb027c3b778ea78dfe8c212937d1",
                "sha256:f2db3a10254241d9b447232cec8b424847f338d9d36f9a577a6192c332a46abd"
            ],
            "markers": "python_version >= '3.8'",
            "version": "==8.4.0"
        },
        "jedi": {
            "hashes": [
                "sha256:637c9635fcf47945ceb91cd7f320234a7be540ded6f3e99a50cb6febdfd1ba8d",
                "sha256:74137626a64a99c8eb6ae5832d99b3bdd7d29a3850fe2aa80a4126b2a7d949ab"
            ],
            "markers": "python_version >= '3.6'",
            "version": "==0.18.1"
        },
        "jupyter-client": {
            "hashes": [
                "sha256:17d74b0d0a7b24f1c8c527b24fcf4607c56bee542ffe8e3418e50b21e514b621",
                "sha256:aa9a6c32054b290374f95f73bb0cae91455c58dfb84f65c8591912b8f65e6d56"
            ],
            "markers": "python_version >= '3.7'",
            "version": "==7.3.4"
        },
        "jupyter-core": {
            "hashes": [
                "sha256:2e5f244d44894c4154d06aeae3419dd7f1b0ef4494dc5584929b398c61cfd314",
                "sha256:715e22bb6cc7db3718fddfac1f69f1c7e899ca00e42bdfd4bf3705452b9fd84a"
            ],
            "markers": "python_version >= '3.7'",
            "version": "==4.11.1"
        },
        "matplotlib-inline": {
            "hashes": [
                "sha256:a04bfba22e0d1395479f866853ec1ee28eea1485c1d69a6faf00dc3e24ff34ee",
                "sha256:aed605ba3b72462d64d475a21a9296f400a19c4f74a31b59103d2a99ffd5aa5c"
            ],
            "markers": "python_version >= '3.5'",
            "version": "==0.1.3"
        },
        "nest-asyncio": {
            "hashes": [
                "sha256:b98e3ec1b246135e4642eceffa5a6c23a3ab12c82ff816a92c612d68205813b2",
                "sha256:e442291cd942698be619823a17a86a5759eabe1f8613084790de189fe9e16d65"
            ],
            "markers": "python_version >= '3.5'",
            "version": "==1.5.5"
        },
        "packaging": {
            "hashes": [
                "sha256:dd47c42927d89ab911e606518907cc2d3a1f38bbd026385970643f9c5b8ecfeb",
                "sha256:ef103e05f519cdc783ae24ea4e2e0f508a9c99b2d4969652eed6a2e1ea5bd522"
            ],
            "markers": "python_version >= '3.6'",
            "version": "==21.3"
        },
        "parso": {
            "hashes": [
                "sha256:8c07be290bb59f03588915921e29e8a50002acaf2cdc5fa0e0114f91709fafa0",
                "sha256:c001d4636cd3aecdaf33cbb40aebb59b094be2a74c556778ef5576c175e19e75"
            ],
            "markers": "python_version >= '3.6'",
            "version": "==0.8.3"
        },
        "pexpect": {
            "hashes": [
                "sha256:0b48a55dcb3c05f3329815901ea4fc1537514d6ba867a152b581d69ae3710937",
                "sha256:fc65a43959d153d0114afe13997d439c22823a27cefceb5ff35c2178c6784c0c"
            ],
            "markers": "sys_platform != 'win32'",
            "version": "==4.8.0"
        },
        "pickleshare": {
            "hashes": [
                "sha256:87683d47965c1da65cdacaf31c8441d12b8044cdec9aca500cd78fc2c683afca",
                "sha256:9649af414d74d4df115d5d718f82acb59c9d418196b7b4290ed47a12ce62df56"
            ],
            "version": "==0.7.5"
        },
        "prompt-toolkit": {
            "hashes": [
                "sha256:859b283c50bde45f5f97829f77a4674d1c1fcd88539364f1b28a37805cfd89c0",
                "sha256:d8916d3f62a7b67ab353a952ce4ced6a1d2587dfe9ef8ebc30dd7c386751f289"
            ],
            "markers": "python_full_version >= '3.6.2'",
            "version": "==3.0.30"
        },
        "psutil": {
            "hashes": [
                "sha256:068935df39055bf27a29824b95c801c7a5130f118b806eee663cad28dca97685",
                "sha256:0904727e0b0a038830b019551cf3204dd48ef5c6868adc776e06e93d615fc5fc",
                "sha256:0f15a19a05f39a09327345bc279c1ba4a8cfb0172cc0d3c7f7d16c813b2e7d36",
                "sha256:19f36c16012ba9cfc742604df189f2f28d2720e23ff7d1e81602dbe066be9fd1",
                "sha256:20b27771b077dcaa0de1de3ad52d22538fe101f9946d6dc7869e6f694f079329",
                "sha256:28976df6c64ddd6320d281128817f32c29b539a52bdae5e192537bc338a9ec81",
                "sha256:29a442e25fab1f4d05e2655bb1b8ab6887981838d22effa2396d584b740194de",
                "sha256:3054e923204b8e9c23a55b23b6df73a8089ae1d075cb0bf711d3e9da1724ded4",
                "sha256:32c52611756096ae91f5d1499fe6c53b86f4a9ada147ee42db4991ba1520e574",
                "sha256:3a76ad658641172d9c6e593de6fe248ddde825b5866464c3b2ee26c35da9d237",
                "sha256:44d1826150d49ffd62035785a9e2c56afcea66e55b43b8b630d7706276e87f22",
                "sha256:4b6750a73a9c4a4e689490ccb862d53c7b976a2a35c4e1846d049dcc3f17d83b",
                "sha256:56960b9e8edcca1456f8c86a196f0c3d8e3e361320071c93378d41445ffd28b0",
                "sha256:57f1819b5d9e95cdfb0c881a8a5b7d542ed0b7c522d575706a80bedc848c8954",
                "sha256:58678bbadae12e0db55186dc58f2888839228ac9f41cc7848853539b70490021",
                "sha256:645bd4f7bb5b8633803e0b6746ff1628724668681a434482546887d22c7a9537",
                "sha256:799759d809c31aab5fe4579e50addf84565e71c1dc9f1c31258f159ff70d3f87",
                "sha256:79c9108d9aa7fa6fba6e668b61b82facc067a6b81517cab34d07a84aa89f3df0",
                "sha256:91c7ff2a40c373d0cc9121d54bc5f31c4fa09c346528e6a08d1845bce5771ffc",
                "sha256:9272167b5f5fbfe16945be3db475b3ce8d792386907e673a209da686176552af",
                "sha256:944c4b4b82dc4a1b805329c980f270f170fdc9945464223f2ec8e57563139cf4",
                "sha256:a6a11e48cb93a5fa606306493f439b4aa7c56cb03fc9ace7f6bfa21aaf07c453",
                "sha256:a8746bfe4e8f659528c5c7e9af5090c5a7d252f32b2e859c584ef7d8efb1e689",
                "sha256:abd9246e4cdd5b554a2ddd97c157e292ac11ef3e7af25ac56b08b455c829dca8",
                "sha256:b14ee12da9338f5e5b3a3ef7ca58b3cba30f5b66f7662159762932e6d0b8f680",
                "sha256:b88f75005586131276634027f4219d06e0561292be8bd6bc7f2f00bdabd63c4e",
                "sha256:c7be9d7f5b0d206f0bbc3794b8e16fb7dbc53ec9e40bbe8787c6f2d38efcf6c9",
                "sha256:d2d006286fbcb60f0b391741f520862e9b69f4019b4d738a2a45728c7e952f1b",
                "sha256:db417f0865f90bdc07fa30e1aadc69b6f4cad7f86324b02aa842034efe8d8c4d",
                "sha256:e7e10454cb1ab62cc6ce776e1c135a64045a11ec4c6d254d3f7689c16eb3efd2",
                "sha256:f65f9a46d984b8cd9b3750c2bdb419b2996895b005aefa6cbaba9a143b1ce2c5",
                "sha256:fea896b54f3a4ae6f790ac1d017101252c93f6fe075d0e7571543510f11d2676"
            ],
            "markers": "python_version >= '2.7' and python_version not in '3.0, 3.1, 3.2, 3.3'",
            "version": "==5.9.1"
        },
        "ptyprocess": {
            "hashes": [
                "sha256:4b41f3967fce3af57cc7e94b888626c18bf37a083e3651ca8feeb66d492fef35",
                "sha256:5c5d0a3b48ceee0b48485e0c26037c0acd7d29765ca3fbb5cb3831d347423220"
            ],
            "version": "==0.7.0"
        },
        "pure-eval": {
            "hashes": [
                "sha256:01eaab343580944bc56080ebe0a674b39ec44a945e6d09ba7db3cb8cec289350",
                "sha256:2b45320af6dfaa1750f543d714b6d1c520a1688dec6fd24d339063ce0aaa9ac3"
            ],
            "version": "==0.2.2"
        },
        "pygments": {
            "hashes": [
                "sha256:5eb116118f9612ff1ee89ac96437bb6b49e8f04d8a13b514ba26f620208e26eb",
                "sha256:dc9c10fb40944260f6ed4c688ece0cd2048414940f1cea51b8b226318411c519"
            ],
            "markers": "python_version >= '3.6'",
            "version": "==2.12.0"
        },
        "pyparsing": {
            "hashes": [
                "sha256:2b020ecf7d21b687f219b71ecad3631f644a47f01403fa1d1036b0c6416d70fb",
                "sha256:5026bae9a10eeaefb61dab2f09052b9f4307d44aee4eda64b309723d8d206bbc"
            ],
            "markers": "python_full_version >= '3.6.8'",
            "version": "==3.0.9"
        },
        "python-dateutil": {
            "hashes": [
                "sha256:0123cacc1627ae19ddf3c27a5de5bd67ee4586fbdd6440d9748f8abb483d3e86",
                "sha256:961d03dc3453ebbc59dbdea9e4e11c5651520a876d0f4db161e8674aae935da9"
            ],
            "markers": "python_version >= '2.7' and python_version not in '3.0, 3.1, 3.2, 3.3'",
            "version": "==2.8.2"
        },
        "pyzmq": {
            "hashes": [
                "sha256:004a431dfa0459123e6f4660d7e3c4ac19217d134ca38bacfffb2e78716fe944",
                "sha256:057b154471e096e2dda147f7b057041acc303bb7ca4aa24c3b88c6cecdd78717",
                "sha256:0e08671dc202a1880fa522f921f35ca5925ba30da8bc96228d74a8f0643ead9c",
                "sha256:1b2a21f595f8cc549abd6c8de1fcd34c83441e35fb24b8a59bf161889c62a486",
                "sha256:21552624ce69e69f7924f413b802b1fb554f4c0497f837810e429faa1cd4f163",
                "sha256:22ac0243a41798e3eb5d5714b28c2f28e3d10792dffbc8a5fca092f975fdeceb",
                "sha256:2b054525c9f7e240562185bf21671ca16d56bde92e9bd0f822c07dec7626b704",
                "sha256:30c365e60c39c53f8eea042b37ea28304ffa6558fb7241cf278745095a5757da",
                "sha256:3a4d87342c2737fbb9eee5c33c792db27b36b04957b4e6b7edd73a5b239a2a13",
                "sha256:420b9abd1a7330687a095373b8280a20cdee04342fbc8ccb3b56d9ec8efd4e62",
                "sha256:444f7d615d5f686d0ef508b9edfa8a286e6d89f449a1ba37b60ef69d869220a3",
                "sha256:558f5f636e3e65f261b64925e8b190e8689e334911595394572cc7523879006d",
                "sha256:5592fb4316f895922b1cacb91b04a0fa09d6f6f19bbab4442b4d0a0825177b93",
                "sha256:59928dfebe93cf1e203e3cb0fd5d5dd384da56b99c8305f2e1b0a933751710f6",
                "sha256:5cb642e94337b0c76c9c8cb9bfb0f8a78654575847d080d3e1504f312d691fc3",
                "sha256:5d57542429df6acff02ff022067aa75b677603cee70e3abb9742787545eec966",
                "sha256:5d92e7cbeab7f70b08cc0f27255b0bb2500afc30f31075bca0b1cb87735d186c",
                "sha256:602835e5672ca9ca1d78e6c148fb28c4f91b748ebc41fbd2f479d8763d58bc9b",
                "sha256:60746a7e8558655420a69441c0a1d47ed225ed3ac355920b96a96d0554ef7e6b",
                "sha256:61b97f624da42813f74977425a3a6144d604ea21cf065616d36ea3a866d92c1c",
                "sha256:693c96ae4d975eb8efa1639670e9b1fac0c3f98b7845b65c0f369141fb4bb21f",
                "sha256:814e5aaf0c3be9991a59066eafb2d6e117aed6b413e3e7e9be45d4e55f5e2748",
                "sha256:83005d8928f8a5cebcfb33af3bfb84b1ad65d882b899141a331cc5d07d89f093",
                "sha256:831da96ba3f36cc892f0afbb4fb89b28b61b387261676e55d55a682addbd29f7",
                "sha256:8355744fdbdeac5cfadfa4f38b82029b5f2b8cab7472a33453a217a7f3a9dce2",
                "sha256:8496a2a5efd055c61ac2c6a18116c768a25c644b6747dcfde43e91620ab3453c",
                "sha256:859059caf564f0c9398c9005278055ed3d37af4d73de6b1597821193b04ca09b",
                "sha256:8c0f4d6f8c985bab83792be26ff3233940ba42e22237610ac50cbcfc10a5c235",
                "sha256:8c2d8b69a2bf239ae3d987537bf3fbc2b044a405394cf4c258fc684971dd48b2",
                "sha256:984b232802eddf9f0be264a4d57a10b3a1fd7319df14ee6fc7b41c6d155a3e6c",
                "sha256:99cedf38eaddf263cf7e2a50e405f12c02cedf6d9df00a0d9c5d7b9417b57f76",
                "sha256:a3dc339f7bc185d5fd0fd976242a5baf35de404d467e056484def8a4dd95868b",
                "sha256:a51f12a8719aad9dcfb55d456022f16b90abc8dde7d3ca93ce3120b40e3fa169",
                "sha256:bbabd1df23bf63ae829e81200034c0e433499275a6ed29ca1a912ea7629426d9",
                "sha256:bcc6953e47bcfc9028ddf9ab2a321a3c51d7cc969db65edec092019bb837959f",
                "sha256:c0a5f987d73fd9b46c3d180891f829afda714ab6bab30a1218724d4a0a63afd8",
                "sha256:c223a13555444707a0a7ebc6f9ee63053147c8c082bd1a31fd1207a03e8b0500",
                "sha256:c616893a577e9d6773a3836732fd7e2a729157a108b8fccd31c87512fa01671a",
                "sha256:c882f1d4f96fbd807e92c334251d8ebd159a1ef89059ccd386ddea83fdb91bd8",
                "sha256:c8dec8a2f3f0bb462e6439df436cd8c7ec37968e90b4209ac621e7fbc0ed3b00",
                "sha256:c9638e0057e3f1a8b7c5ce33c7575349d9183a033a19b5676ad55096ae36820b",
                "sha256:ce4f71e17fa849de41a06109030d3f6815fcc33338bf98dd0dde6d456d33c929",
                "sha256:ced12075cdf3c7332ecc1960f77f7439d5ebb8ea20bbd3c34c8299e694f1b0a1",
                "sha256:d11628212fd731b8986f1561d9bb3f8c38d9c15b330c3d8a88963519fbcd553b",
                "sha256:d1610260cc672975723fcf7705c69a95f3b88802a594c9867781bedd9b13422c",
                "sha256:d4651de7316ec8560afe430fb042c0782ed8ac54c0be43a515944d7c78fddac8",
                "sha256:da338e2728410d74ddeb1479ec67cfba73311607037455a40f92b6f5c62bf11d",
                "sha256:de727ea906033b30527b4a99498f19aca3f4d1073230a958679a5b726e2784e0",
                "sha256:e2e2db5c6ef376e97c912733dfc24406f5949474d03e800d5f07b6aca4d870af",
                "sha256:e669913cb2179507628419ec4f0e453e48ce6f924de5884d396f18c31836089c",
                "sha256:eb4a573a8499685d62545e806d8fd143c84ac8b3439f925cd92c8763f0ed9bd7",
                "sha256:f146648941cadaaaf01254a75651a23c08159d009d36c5af42a7cc200a5e53ec",
                "sha256:f3ff6abde52e702397949054cb5b06c1c75b5d6542f6a2ce029e46f71ffbbbf2",
                "sha256:f5aa9da520e4bb8cee8189f2f541701405e7690745094ded7a37b425d60527ea",
                "sha256:f5fdb00d65ec44b10cc6b9b6318ef1363b81647a4aa3270ca39565eadb2d1201",
                "sha256:f685003d836ad0e5d4f08d1e024ee3ac7816eb2f873b2266306eef858f058133",
                "sha256:fee86542dc4ee8229e023003e3939b4d58cc2453922cf127778b69505fc9064b"
            ],
            "markers": "python_version >= '3.6'",
            "version": "==23.2.0"
        },
        "setuptools": {
            "hashes": [
                "sha256:0d33c374d41c7863419fc8f6c10bfe25b7b498aa34164d135c622e52580c6b16",
                "sha256:c04b44a57a6265fe34a4a444e965884716d34bae963119a76353434d6f18e450"
            ],
            "markers": "python_version >= '3.7'",
            "version": "==63.2.0"
        },
        "six": {
            "hashes": [
                "sha256:1e61c37477a1626458e36f7b1d82aa5c9b094fa4802892072e49de9c60c4c926",
                "sha256:8abb2f1d86890a2dfb989f9a77cfcfd3e47c2a354b01111771326f8aa26e0254"
            ],
            "markers": "python_version >= '2.7' and python_version not in '3.0, 3.1, 3.2, 3.3'",
            "version": "==1.16.0"
        },
        "stack-data": {
            "hashes": [
                "sha256:77bec1402dcd0987e9022326473fdbcc767304892a533ed8c29888dacb7dddbc",
                "sha256:aa1d52d14d09c7a9a12bb740e6bdfffe0f5e8f4f9218d85e7c73a8c37f7ae38d"
            ],
            "version": "==0.3.0"
        },
        "tornado": {
            "hashes": [
                "sha256:1d54d13ab8414ed44de07efecb97d4ef7c39f7438cf5e976ccd356bebb1b5fca",
                "sha256:20f638fd8cc85f3cbae3c732326e96addff0a15e22d80f049e00121651e82e72",
                "sha256:5c87076709343557ef8032934ce5f637dbb552efa7b21d08e89ae7619ed0eb23",
                "sha256:5f8c52d219d4995388119af7ccaa0bcec289535747620116a58d830e7c25d8a8",
                "sha256:6fdfabffd8dfcb6cf887428849d30cf19a3ea34c2c248461e1f7d718ad30b66b",
                "sha256:87dcafae3e884462f90c90ecc200defe5e580a7fbbb4365eda7c7c1eb809ebc9",
                "sha256:9b630419bde84ec666bfd7ea0a4cb2a8a651c2d5cccdbdd1972a0c859dfc3c13",
                "sha256:b8150f721c101abdef99073bf66d3903e292d851bee51910839831caba341a75",
                "sha256:ba09ef14ca9893954244fd872798b4ccb2367c165946ce2dd7376aebdde8e3ac",
                "sha256:d3a2f5999215a3a06a4fc218026cd84c61b8b2b40ac5296a6db1f1451ef04c1e",
                "sha256:e5f923aa6a47e133d1cf87d60700889d7eae68988704e20c75fb2d65677a8e4b"
            ],
            "markers": "python_version >= '3.7'",
            "version": "==6.2"
        },
        "traitlets": {
            "hashes": [
                "sha256:0bb9f1f9f017aa8ec187d8b1b2a7a6626a2a1d877116baba52a129bfa124f8e2",
                "sha256:65fa18961659635933100db8ca120ef6220555286949774b9cfc106f941d1c7a"
            ],
            "markers": "python_version >= '3.7'",
            "version": "==5.3.0"
        },
        "wcwidth": {
            "hashes": [
                "sha256:beb4802a9cebb9144e99086eff703a642a13d6a0052920003a230f3294bbe784",
                "sha256:c4d647b99872929fdb7bdcaa4fbe7f01413ed3d98077df798530e5b04f116c83"
            ],
            "version": "==0.2.5"
        }
    }
}
